
Microsoft Visual Studio Solution File, Format Version 12.00
# Visual Studio Version 16
VisualStudioVersion = 16.0.30114.105
MinimumVisualStudioVersion = 10.0.40219.1
Project("{2150E333-8FDC-42A3-9474-1A3956D46DE8}") = "Solution Items", "Solution Items", "{166031B2-9C53-4D32-857A-0120DC4780D2}"
	ProjectSection(SolutionItems) = preProject
		#ClearIISExpressWebsites.cmd = #ClearIISExpressWebsites.cmd
		.gitignore = .gitignore
		azure-pipelines.yml = azure-pipelines.yml
		Readme.md = Readme.md
	EndProjectSection
EndProject
Project("{2150E333-8FDC-42A3-9474-1A3956D46DE8}") = "Libraries", "Libraries", "{505E52AB-6E33-4EFD-BBAA-401FED6BB5A4}"
EndProject
Project("{2150E333-8FDC-42A3-9474-1A3956D46DE8}") = "Tests", "Tests", "{CD2975A0-015E-4FB2-B88D-F17075FC1194}"
EndProject
Project("{9A19103F-16F7-4668-BE54-9A1E7A4F7556}") = "Savitar.Web.Services.Contracts", "Libraries\Savitar.Web.Services.Contracts\Savitar.Web.Services.Contracts.csproj", "{0C2B6F10-DFEB-4F0D-8429-56206C6282C5}"
EndProject
Project("{9A19103F-16F7-4668-BE54-9A1E7A4F7556}") = "Savitar.Web.Services", "Libraries\Savitar.Web.Services\Savitar.Web.Services.csproj", "{ED07D76B-0DBC-49C0-8E24-1AD99FD1E1C5}"
EndProject
Project("{9A19103F-16F7-4668-BE54-9A1E7A4F7556}") = "Savitar.Web.Bootstrapper", "Libraries\Savitar.Web.Bootstrapper\Savitar.Web.Bootstrapper.csproj", "{5E461DDF-056E-4E39-BB9F-4143776CC53D}"
EndProject
Project("{9A19103F-16F7-4668-BE54-9A1E7A4F7556}") = "Savitar.Web.Tests", "Tests\Savitar.Web.Tests\Savitar.Web.Tests.csproj", "{A07B6C58-17CF-4681-B43D-B701A92AEB05}"
EndProject
Project("{9A19103F-16F7-4668-BE54-9A1E7A4F7556}") = "Savitar.WebAssembly", "Savitar.WebAssembly\Savitar.WebAssembly.csproj", "{54FBFE15-F747-48B1-8315-1CAE618CD6D9}"
EndProject
Project("{9A19103F-16F7-4668-BE54-9A1E7A4F7556}") = "Savitar.WebAssembly.Blockchain.Ethereum", "Libraries\Savitar.WebAssembly.Blockchain.Ethereum\Savitar.WebAssembly.Blockchain.Ethereum.csproj", "{EA494E86-4F8A-4E66-A6EA-BE3EE26562E5}"
EndProject
Project("{9A19103F-16F7-4668-BE54-9A1E7A4F7556}") = "Savitar.Server", "Savitar.Server\Savitar.Server.csproj", "{11694167-14F2-4194-BCBE-E816F97F3417}"
EndProject
Project("{2150E333-8FDC-42A3-9474-1A3956D46DE8}") = "Core", "Core", "{E2BE1A1E-B42D-490E-BBEF-67E7F2A9712A}"
EndProject
Project("{2150E333-8FDC-42A3-9474-1A3956D46DE8}") = "Infrastructure", "Infrastructure", "{F464DA6F-B4A8-4D2C-8325-0B0398C153E4}"
EndProject
Project("{9A19103F-16F7-4668-BE54-9A1E7A4F7556}") = "Savitar.Web.Infrastructure.Repository", "Libraries\Infrastructure\Savitar.Web.Infrastructure.Repository\Savitar.Web.Infrastructure.Repository.csproj", "{4885A811-658E-422D-A4A5-2D108BACD3E3}"
EndProject
Project("{9A19103F-16F7-4668-BE54-9A1E7A4F7556}") = "Savitar.Web.Infrastructure.Repository.Shared", "Libraries\Infrastructure\Savitar.Web.Infrastructure.Repository.Shared\Savitar.Web.Infrastructure.Repository.Shared.csproj", "{4DA7925B-1911-456D-8131-D6A3728C6EC8}"
EndProject
Project("{2150E333-8FDC-42A3-9474-1A3956D46DE8}") = "Services", "Services", "{41B6AFE3-EA0B-449A-9AD7-704B3DBDCB21}"
EndProject
Project("{9A19103F-16F7-4668-BE54-9A1E7A4F7556}") = "Savitar.Web.Domain", "Libraries\Core\Savitar.Web.Domain\Savitar.Web.Domain.csproj", "{DC24C50F-B901-4B71-88D9-A28FA8CAB516}"
EndProject
Global
	GlobalSection(SolutionConfigurationPlatforms) = preSolution
		Debug|Any CPU = Debug|Any CPU
		Release|Any CPU = Release|Any CPU
	EndGlobalSection
	GlobalSection(ProjectConfigurationPlatforms) = postSolution
		{0C2B6F10-DFEB-4F0D-8429-56206C6282C5}.Debug|Any CPU.ActiveCfg = Debug|Any CPU
		{0C2B6F10-DFEB-4F0D-8429-56206C6282C5}.Debug|Any CPU.Build.0 = Debug|Any CPU
		{0C2B6F10-DFEB-4F0D-8429-56206C6282C5}.Release|Any CPU.ActiveCfg = Release|Any CPU
		{0C2B6F10-DFEB-4F0D-8429-56206C6282C5}.Release|Any CPU.Build.0 = Release|Any CPU
		{ED07D76B-0DBC-49C0-8E24-1AD99FD1E1C5}.Debug|Any CPU.ActiveCfg = Debug|Any CPU
		{ED07D76B-0DBC-49C0-8E24-1AD99FD1E1C5}.Debug|Any CPU.Build.0 = Debug|Any CPU
		{ED07D76B-0DBC-49C0-8E24-1AD99FD1E1C5}.Release|Any CPU.ActiveCfg = Release|Any CPU
		{ED07D76B-0DBC-49C0-8E24-1AD99FD1E1C5}.Release|Any CPU.Build.0 = Release|Any CPU
		{5E461DDF-056E-4E39-BB9F-4143776CC53D}.Debug|Any CPU.ActiveCfg = Debug|Any CPU
		{5E461DDF-056E-4E39-BB9F-4143776CC53D}.Debug|Any CPU.Build.0 = Debug|Any CPU
		{5E461DDF-056E-4E39-BB9F-4143776CC53D}.Release|Any CPU.ActiveCfg = Release|Any CPU
		{5E461DDF-056E-4E39-BB9F-4143776CC53D}.Release|Any CPU.Build.0 = Release|Any CPU
		{A07B6C58-17CF-4681-B43D-B701A92AEB05}.Debug|Any CPU.ActiveCfg = Debug|Any CPU
		{A07B6C58-17CF-4681-B43D-B701A92AEB05}.Debug|Any CPU.Build.0 = Debug|Any CPU
		{A07B6C58-17CF-4681-B43D-B701A92AEB05}.Release|Any CPU.ActiveCfg = Release|Any CPU
		{A07B6C58-17CF-4681-B43D-B701A92AEB05}.Release|Any CPU.Build.0 = Release|Any CPU
		{54FBFE15-F747-48B1-8315-1CAE618CD6D9}.Debug|Any CPU.ActiveCfg = Debug|Any CPU
		{54FBFE15-F747-48B1-8315-1CAE618CD6D9}.Debug|Any CPU.Build.0 = Debug|Any CPU
		{54FBFE15-F747-48B1-8315-1CAE618CD6D9}.Release|Any CPU.ActiveCfg = Release|Any CPU
		{54FBFE15-F747-48B1-8315-1CAE618CD6D9}.Release|Any CPU.Build.0 = Release|Any CPU
		{EA494E86-4F8A-4E66-A6EA-BE3EE26562E5}.Debug|Any CPU.ActiveCfg = Debug|Any CPU
		{EA494E86-4F8A-4E66-A6EA-BE3EE26562E5}.Debug|Any CPU.Build.0 = Debug|Any CPU
		{EA494E86-4F8A-4E66-A6EA-BE3EE26562E5}.Release|Any CPU.ActiveCfg = Release|Any CPU
		{EA494E86-4F8A-4E66-A6EA-BE3EE26562E5}.Release|Any CPU.Build.0 = Release|Any CPU
		{11694167-14F2-4194-BCBE-E816F97F3417}.Debug|Any CPU.ActiveCfg = Debug|Any CPU
		{11694167-14F2-4194-BCBE-E816F97F3417}.Debug|Any CPU.Build.0 = Debug|Any CPU
		{11694167-14F2-4194-BCBE-E816F97F3417}.Release|Any CPU.ActiveCfg = Release|Any CPU
		{11694167-14F2-4194-BCBE-E816F97F3417}.Release|Any CPU.Build.0 = Release|Any CPU
		{4885A811-658E-422D-A4A5-2D108BACD3E3}.Debug|Any CPU.ActiveCfg = Debug|Any CPU
		{4885A811-658E-422D-A4A5-2D108BACD3E3}.Debug|Any CPU.Build.0 = Debug|Any CPU
		{4885A811-658E-422D-A4A5-2D108BACD3E3}.Release|Any CPU.ActiveCfg = Release|Any CPU
		{4885A811-658E-422D-A4A5-2D108BACD3E3}.Release|Any CPU.Build.0 = Release|Any CPU
		{4DA7925B-1911-456D-8131-D6A3728C6EC8}.Debug|Any CPU.ActiveCfg = Debug|Any CPU
		{4DA7925B-1911-456D-8131-D6A3728C6EC8}.Debug|Any CPU.Build.0 = Debug|Any CPU
		{4DA7925B-1911-456D-8131-D6A3728C6EC8}.Release|Any CPU.ActiveCfg = Release|Any CPU
		{4DA7925B-1911-456D-8131-D6A3728C6EC8}.Release|Any CPU.Build.0 = Release|Any CPU
		{DC24C50F-B901-4B71-88D9-A28FA8CAB516}.Debug|Any CPU.ActiveCfg = Debug|Any CPU
		{DC24C50F-B901-4B71-88D9-A28FA8CAB516}.Debug|Any CPU.Build.0 = Debug|Any CPU
		{DC24C50F-B901-4B71-88D9-A28FA8CAB516}.Release|Any CPU.ActiveCfg = Release|Any CPU
		{DC24C50F-B901-4B71-88D9-A28FA8CAB516}.Release|Any CPU.Build.0 = Release|Any CPU
	EndGlobalSection
	GlobalSection(SolutionProperties) = preSolution
		HideSolutionNode = FALSE
	EndGlobalSection
	GlobalSection(NestedProjects) = preSolution
		{0C2B6F10-DFEB-4F0D-8429-56206C6282C5} = {41B6AFE3-EA0B-449A-9AD7-704B3DBDCB21}
		{ED07D76B-0DBC-49C0-8E24-1AD99FD1E1C5} = {41B6AFE3-EA0B-449A-9AD7-704B3DBDCB21}
		{5E461DDF-056E-4E39-BB9F-4143776CC53D} = {505E52AB-6E33-4EFD-BBAA-401FED6BB5A4}
		{A07B6C58-17CF-4681-B43D-B701A92AEB05} = {CD2975A0-015E-4FB2-B88D-F17075FC1194}
		{EA494E86-4F8A-4E66-A6EA-BE3EE26562E5} = {505E52AB-6E33-4EFD-BBAA-401FED6BB5A4}
		{E2BE1A1E-B42D-490E-BBEF-67E7F2A9712A} = {505E52AB-6E33-4EFD-BBAA-401FED6BB5A4}
		{F464DA6F-B4A8-4D2C-8325-0B0398C153E4} = {505E52AB-6E33-4EFD-BBAA-401FED6BB5A4}
		{4885A811-658E-422D-A4A5-2D108BACD3E3} = {F464DA6F-B4A8-4D2C-8325-0B0398C153E4}
		{4DA7925B-1911-456D-8131-D6A3728C6EC8} = {F464DA6F-B4A8-4D2C-8325-0B0398C153E4}
		{41B6AFE3-EA0B-449A-9AD7-704B3DBDCB21} = {505E52AB-6E33-4EFD-BBAA-401FED6BB5A4}
		{DC24C50F-B901-4B71-88D9-A28FA8CAB516} = {E2BE1A1E-B42D-490E-BBEF-67E7F2A9712A}
	EndGlobalSection
	GlobalSection(ExtensibilityGlobals) = postSolution
		SolutionGuid = {1D23BA60-8943-43AA-BB41-563A4F43A3D8}
	EndGlobalSection
EndGlobal
