
Microsoft Visual Studio Solution File, Format Version 12.00
# Visual Studio Version 16
VisualStudioVersion = 16.0.30114.105
MinimumVisualStudioVersion = 10.0.40219.1
Project("{2150E333-8FDC-42A3-9474-1A3956D46DE8}") = "Solution Items", "Solution Items", "{166031B2-9C53-4D32-857A-0120DC4780D2}"
	ProjectSection(SolutionItems) = preProject
		.gitignore = .gitignore
		azure-pipelines.yml = azure-pipelines.yml
		Readme.md = Readme.md
	EndProjectSection
EndProject
Project("{9A19103F-16F7-4668-BE54-9A1E7A4F7556}") = "Savitar.Web", "Savitar.Web\Savitar.Web\Savitar.Web.csproj", "{4EDE18D7-55E8-4563-913A-D417343A3E8A}"
EndProject
Global
	GlobalSection(SolutionConfigurationPlatforms) = preSolution
		Debug|Any CPU = Debug|Any CPU
		Release|Any CPU = Release|Any CPU
	EndGlobalSection
	GlobalSection(ProjectConfigurationPlatforms) = postSolution
		{4EDE18D7-55E8-4563-913A-D417343A3E8A}.Debug|Any CPU.ActiveCfg = Debug|Any CPU
		{4EDE18D7-55E8-4563-913A-D417343A3E8A}.Debug|Any CPU.Build.0 = Debug|Any CPU
		{4EDE18D7-55E8-4563-913A-D417343A3E8A}.Release|Any CPU.ActiveCfg = Release|Any CPU
		{4EDE18D7-55E8-4563-913A-D417343A3E8A}.Release|Any CPU.Build.0 = Release|Any CPU
	EndGlobalSection
	GlobalSection(SolutionProperties) = preSolution
		HideSolutionNode = FALSE
	EndGlobalSection
	GlobalSection(ExtensibilityGlobals) = postSolution
		SolutionGuid = {1D23BA60-8943-43AA-BB41-563A4F43A3D8}
	EndGlobalSection
EndGlobal
